
Microsoft Visual Studio Solution File, Format Version 12.00
# Visual Studio Version 17
VisualStudioVersion = 17.7.34024.191
MinimumVisualStudioVersion = 10.0.40219.1
Project("{9A19103F-16F7-4668-BE54-9A1E7A4F7556}") = "TaskManagement", "TaskManagement.csproj", "{074E6F25-723B-4BD1-935D-0B1A4E98CFB2}"
EndProject
Global
	GlobalSection(SolutionConfigurationPlatforms) = preSolution
		Debug|Any CPU = Debug|Any CPU
		Release|Any CPU = Release|Any CPU
	EndGlobalSection
	GlobalSection(ProjectConfigurationPlatforms) = postSolution
		{074E6F25-723B-4BD1-935D-0B1A4E98CFB2}.Debug|Any CPU.ActiveCfg = Debug|Any CPU
		{074E6F25-723B-4BD1-935D-0B1A4E98CFB2}.Debug|Any CPU.Build.0 = Debug|Any CPU
		{074E6F25-723B-4BD1-935D-0B1A4E98CFB2}.Release|Any CPU.ActiveCfg = Release|Any CPU
		{074E6F25-723B-4BD1-935D-0B1A4E98CFB2}.Release|Any CPU.Build.0 = Release|Any CPU
	EndGlobalSection
	GlobalSection(SolutionProperties) = preSolution
		HideSolutionNode = FALSE
	EndGlobalSection
	GlobalSection(ExtensibilityGlobals) = postSolution
		SolutionGuid = {1A0B9CE7-1F75-4FF3-9AAB-44B52E77A372}
	EndGlobalSection
EndGlobal
